{
  "nodes": {
    "nix-github-actions": {
      "inputs": {
        "nixpkgs": [
          "zephyr-nix",
          "nixpkgs"
        ]
      },
      "locked": {
        "lastModified": 1731952509,
        "narHash": "sha256-p4gB3Rhw8R6Ak4eMl8pqjCPOLCZRqaehZxdZ/mbFClM=",
        "owner": "nix-community",
        "repo": "nix-github-actions",
        "rev": "7b5f051df789b6b20d259924d349a9ba3319b226",
        "type": "github"
      },
      "original": {
        "owner": "nix-community",
        "repo": "nix-github-actions",
        "type": "github"
      }
    },
    "nixpkgs": {
      "locked": {
        "lastModified": 1724224976,
        "narHash": "sha256-Z/ELQhrSd7bMzTO8r7NZgi9g5emh+aRKoCdaAv5fiO0=",
        "owner": "NixOS",
        "repo": "nixpkgs",
        "rev": "c374d94f1536013ca8e92341b540eba4c22f9c62",
        "type": "github"
      },
      "original": {
        "owner": "NixOS",
        "ref": "nixos-unstable",
        "repo": "nixpkgs",
        "type": "github"
      }
    },
    "pyproject-nix": {
      "inputs": {
        "nixpkgs": [
          "zephyr-nix",
          "nixpkgs"
        ]
      },
      "locked": {
        "lastModified": 1733109592,
        "narHash": "sha256-qQd6K8RYZpwEeawyqSnDkFCPZAIbz8c7BP9490EsgQM=",
        "owner": "wrvsrx",
        "repo": "pyproject.nix",
        "rev": "9ec41f2fde25b69aa32231047a0cb9e7ed748501",
        "type": "github"
      },
      "original": {
        "owner": "wrvsrx",
        "ref": "fix-is-path",
        "repo": "pyproject.nix",
        "type": "github"
      }
    },
    "root": {
      "inputs": {
        "nixpkgs": "nixpkgs",
        "zephyr-nix": "zephyr-nix"
      }
    },
    "zephyr-nix": {
      "inputs": {
        "nix-github-actions": "nix-github-actions",
        "nixpkgs": [
          "nixpkgs"
        ],
        "pyproject-nix": "pyproject-nix"
      },
      "locked": {
        "lastModified": 1733110249,
        "narHash": "sha256-Yiy19VVMl1FBNxIUn3lu0FMl50Gtxj7AGdsdp3FSftc=",
        "owner": "wrvsrx",
        "repo": "zephyr-nix",
        "rev": "5b8b315a0b78e56362e336d5d2f0ec350fffb830",
        "type": "github"
      },
      "original": {
        "owner": "wrvsrx",
        "repo": "zephyr-nix",
        "type": "github"
      }
    }
  },
  "root": "root",
  "version": 7
}
